
Microsoft Visual Studio Solution File, Format Version 12.00
# Visual Studio Version 16
VisualStudioVersion = 16.0.31005.135
MinimumVisualStudioVersion = 10.0.40219.1
Project("{FAE04EC0-301F-11D3-BF4B-00C04F79EFBC}") = "CredentialsValidation.Web", "CredentialsValidation.Web\CredentialsValidation.Web.csproj", "{D5D57BB5-61A3-4EF8-912A-A4568C09E55F}"
EndProject
Project("{FAE04EC0-301F-11D3-BF4B-00C04F79EFBC}") = "CredentialsValidation.WebAPI", "CredentialsValidation.WebAPI\CredentialsValidation.WebAPI.csproj", "{D2BD68E5-C17C-4EC3-98F2-B30532451E3C}"
EndProject
Project("{FAE04EC0-301F-11D3-BF4B-00C04F79EFBC}") = "CredentialsValidation.Abstractions", "CredentialsValidation.Abstractions\CredentialsValidation.Abstractions.csproj", "{C85B60F8-12F0-4927-BE7E-8F10E8111E56}"
EndProject
Project("{FAE04EC0-301F-11D3-BF4B-00C04F79EFBC}") = "CredentialsValidation.Shared", "CredentialsValidation.Shared\CredentialsValidation.Shared.csproj", "{EA7213A9-CC19-4FA3-8D0B-A578A6F12AAD}"
EndProject
Global
	GlobalSection(SolutionConfigurationPlatforms) = preSolution
		Debug|Any CPU = Debug|Any CPU
		Release|Any CPU = Release|Any CPU
	EndGlobalSection
	GlobalSection(ProjectConfigurationPlatforms) = postSolution
		{D5D57BB5-61A3-4EF8-912A-A4568C09E55F}.Debug|Any CPU.ActiveCfg = Debug|Any CPU
		{D5D57BB5-61A3-4EF8-912A-A4568C09E55F}.Debug|Any CPU.Build.0 = Debug|Any CPU
		{D5D57BB5-61A3-4EF8-912A-A4568C09E55F}.Release|Any CPU.ActiveCfg = Release|Any CPU
		{D5D57BB5-61A3-4EF8-912A-A4568C09E55F}.Release|Any CPU.Build.0 = Release|Any CPU
		{D2BD68E5-C17C-4EC3-98F2-B30532451E3C}.Debug|Any CPU.ActiveCfg = Debug|Any CPU
		{D2BD68E5-C17C-4EC3-98F2-B30532451E3C}.Debug|Any CPU.Build.0 = Debug|Any CPU
		{D2BD68E5-C17C-4EC3-98F2-B30532451E3C}.Release|Any CPU.ActiveCfg = Release|Any CPU
		{D2BD68E5-C17C-4EC3-98F2-B30532451E3C}.Release|Any CPU.Build.0 = Release|Any CPU
		{C85B60F8-12F0-4927-BE7E-8F10E8111E56}.Debug|Any CPU.ActiveCfg = Debug|Any CPU
		{C85B60F8-12F0-4927-BE7E-8F10E8111E56}.Debug|Any CPU.Build.0 = Debug|Any CPU
		{C85B60F8-12F0-4927-BE7E-8F10E8111E56}.Release|Any CPU.ActiveCfg = Release|Any CPU
		{C85B60F8-12F0-4927-BE7E-8F10E8111E56}.Release|Any CPU.Build.0 = Release|Any CPU
		{EA7213A9-CC19-4FA3-8D0B-A578A6F12AAD}.Debug|Any CPU.ActiveCfg = Debug|Any CPU
		{EA7213A9-CC19-4FA3-8D0B-A578A6F12AAD}.Debug|Any CPU.Build.0 = Debug|Any CPU
		{EA7213A9-CC19-4FA3-8D0B-A578A6F12AAD}.Release|Any CPU.ActiveCfg = Release|Any CPU
		{EA7213A9-CC19-4FA3-8D0B-A578A6F12AAD}.Release|Any CPU.Build.0 = Release|Any CPU
	EndGlobalSection
	GlobalSection(SolutionProperties) = preSolution
		HideSolutionNode = FALSE
	EndGlobalSection
	GlobalSection(ExtensibilityGlobals) = postSolution
		SolutionGuid = {C276F87E-22D1-408E-8E95-3A6D8E86D94D}
	EndGlobalSection
EndGlobal
